
Microsoft Visual Studio Solution File, Format Version 12.00
# Visual Studio 2013
VisualStudioVersion = 12.0.21005.1
MinimumVisualStudioVersion = 10.0.40219.1
Project("{FAE04EC0-301F-11D3-BF4B-00C04F79EFBC}") = "F01 Console APP", "F01 Console APP\F01 Console APP.csproj", "{19284313-91E2-4D2C-960E-A3D47EAB3B77}"
EndProject
Global
	GlobalSection(SolutionConfigurationPlatforms) = preSolution
		Debug|Any CPU = Debug|Any CPU
		Release|Any CPU = Release|Any CPU
	EndGlobalSection
	GlobalSection(ProjectConfigurationPlatforms) = postSolution
		{19284313-91E2-4D2C-960E-A3D47EAB3B77}.Debug|Any CPU.ActiveCfg = Debug|Any CPU
		{19284313-91E2-4D2C-960E-A3D47EAB3B77}.Debug|Any CPU.Build.0 = Debug|Any CPU
		{19284313-91E2-4D2C-960E-A3D47EAB3B77}.Release|Any CPU.ActiveCfg = Release|Any CPU
		{19284313-91E2-4D2C-960E-A3D47EAB3B77}.Release|Any CPU.Build.0 = Release|Any CPU
	EndGlobalSection
	GlobalSection(SolutionProperties) = preSolution
		HideSolutionNode = FALSE
	EndGlobalSection
EndGlobal
